
Microsoft Visual Studio Solution File, Format Version 12.00
# Visual Studio 15
VisualStudioVersion = 15.0.28307.572
MinimumVisualStudioVersion = 10.0.40219.1
Project("{9A19103F-16F7-4668-BE54-9A1E7A4F7556}") = "Models", "Models\Models.csproj", "{8C6C386A-B6EB-4F57-B7DE-37661FC23865}"
EndProject
Project("{9A19103F-16F7-4668-BE54-9A1E7A4F7556}") = "MovieApp_v2", "MovieApp_v2\MovieApp_v2.csproj", "{2F433BE9-73D8-411B-ACD4-7AA0267BDF01}"
EndProject
Project("{9A19103F-16F7-4668-BE54-9A1E7A4F7556}") = "Review_API", "..\Review_API\Review_API\Review_API.csproj", "{1A104C9F-88B0-4DDB-A562-5A4F3DEBA393}"
EndProject
Project("{9A19103F-16F7-4668-BE54-9A1E7A4F7556}") = "Testing", "Testing\Testing.csproj", "{70C871E6-4138-4119-8B71-5B0436F066E4}"
EndProject
Project("{FAE04EC0-301F-11D3-BF4B-00C04F79EFBC}") = "API_Testing", "API_Testing\API_Testing.csproj", "{16E5E043-28AC-454F-A10E-C5E610B6FAB6}"
EndProject
Project("{FAE04EC0-301F-11D3-BF4B-00C04F79EFBC}") = "IntegrationTest", "IntegrationTest\IntegrationTest.csproj", "{73B4CD34-C69A-463D-829C-26560592AA26}"
EndProject
Global
	GlobalSection(SolutionConfigurationPlatforms) = preSolution
		Debug|Any CPU = Debug|Any CPU
		Release|Any CPU = Release|Any CPU
	EndGlobalSection
	GlobalSection(ProjectConfigurationPlatforms) = postSolution
		{8C6C386A-B6EB-4F57-B7DE-37661FC23865}.Debug|Any CPU.ActiveCfg = Debug|Any CPU
		{8C6C386A-B6EB-4F57-B7DE-37661FC23865}.Debug|Any CPU.Build.0 = Debug|Any CPU
		{8C6C386A-B6EB-4F57-B7DE-37661FC23865}.Release|Any CPU.ActiveCfg = Release|Any CPU
		{8C6C386A-B6EB-4F57-B7DE-37661FC23865}.Release|Any CPU.Build.0 = Release|Any CPU
		{2F433BE9-73D8-411B-ACD4-7AA0267BDF01}.Debug|Any CPU.ActiveCfg = Debug|Any CPU
		{2F433BE9-73D8-411B-ACD4-7AA0267BDF01}.Debug|Any CPU.Build.0 = Debug|Any CPU
		{2F433BE9-73D8-411B-ACD4-7AA0267BDF01}.Release|Any CPU.ActiveCfg = Release|Any CPU
		{2F433BE9-73D8-411B-ACD4-7AA0267BDF01}.Release|Any CPU.Build.0 = Release|Any CPU
		{1A104C9F-88B0-4DDB-A562-5A4F3DEBA393}.Debug|Any CPU.ActiveCfg = Debug|Any CPU
		{1A104C9F-88B0-4DDB-A562-5A4F3DEBA393}.Debug|Any CPU.Build.0 = Debug|Any CPU
		{1A104C9F-88B0-4DDB-A562-5A4F3DEBA393}.Release|Any CPU.ActiveCfg = Release|Any CPU
		{1A104C9F-88B0-4DDB-A562-5A4F3DEBA393}.Release|Any CPU.Build.0 = Release|Any CPU
		{70C871E6-4138-4119-8B71-5B0436F066E4}.Debug|Any CPU.ActiveCfg = Debug|Any CPU
		{70C871E6-4138-4119-8B71-5B0436F066E4}.Debug|Any CPU.Build.0 = Debug|Any CPU
		{70C871E6-4138-4119-8B71-5B0436F066E4}.Release|Any CPU.ActiveCfg = Release|Any CPU
		{70C871E6-4138-4119-8B71-5B0436F066E4}.Release|Any CPU.Build.0 = Release|Any CPU
		{16E5E043-28AC-454F-A10E-C5E610B6FAB6}.Debug|Any CPU.ActiveCfg = Debug|Any CPU
		{16E5E043-28AC-454F-A10E-C5E610B6FAB6}.Debug|Any CPU.Build.0 = Debug|Any CPU
		{16E5E043-28AC-454F-A10E-C5E610B6FAB6}.Release|Any CPU.ActiveCfg = Release|Any CPU
		{16E5E043-28AC-454F-A10E-C5E610B6FAB6}.Release|Any CPU.Build.0 = Release|Any CPU
		{73B4CD34-C69A-463D-829C-26560592AA26}.Debug|Any CPU.ActiveCfg = Debug|Any CPU
		{73B4CD34-C69A-463D-829C-26560592AA26}.Debug|Any CPU.Build.0 = Debug|Any CPU
		{73B4CD34-C69A-463D-829C-26560592AA26}.Release|Any CPU.ActiveCfg = Release|Any CPU
		{73B4CD34-C69A-463D-829C-26560592AA26}.Release|Any CPU.Build.0 = Release|Any CPU
	EndGlobalSection
	GlobalSection(SolutionProperties) = preSolution
		HideSolutionNode = FALSE
	EndGlobalSection
	GlobalSection(ExtensibilityGlobals) = postSolution
		SolutionGuid = {257EAA64-FFC3-4C0C-A04F-3A76ED1D1012}
	EndGlobalSection
EndGlobal
